
Microsoft Visual Studio Solution File, Format Version 12.00
# Visual Studio Version 17
VisualStudioVersion = 17.6.33723.286
MinimumVisualStudioVersion = 10.0.40219.1
Project("{FAE04EC0-301F-11D3-BF4B-00C04F79EFBC}") = "YYYNewPlugin", "YYYNewPlugin\YYYNewPlugin.csproj", "{209F7DB3-840E-4D26-B125-F531C1E9D15A}"
EndProject
Global
	GlobalSection(SolutionConfigurationPlatforms) = preSolution
		Debug|Any CPU = Debug|Any CPU
		Release|Any CPU = Release|Any CPU
	EndGlobalSection
	GlobalSection(ProjectConfigurationPlatforms) = postSolution
		{209F7DB3-840E-4D26-B125-F531C1E9D15A}.Debug|Any CPU.ActiveCfg = Debug|Any CPU
		{209F7DB3-840E-4D26-B125-F531C1E9D15A}.Debug|Any CPU.Build.0 = Debug|Any CPU
		{209F7DB3-840E-4D26-B125-F531C1E9D15A}.Release|Any CPU.ActiveCfg = Release|Any CPU
		{209F7DB3-840E-4D26-B125-F531C1E9D15A}.Release|Any CPU.Build.0 = Release|Any CPU
	EndGlobalSection
	GlobalSection(SolutionProperties) = preSolution
		HideSolutionNode = FALSE
	EndGlobalSection
	GlobalSection(ExtensibilityGlobals) = postSolution
		SolutionGuid = {15EB7D59-FAB4-401D-889C-FE5558145532}
	EndGlobalSection
EndGlobal
